{
  "name": "ast-grep-rules",
  "version": "0.1.0",
  "lockfileVersion": 3,
  "requires": true,
  "packages": {
    "": {
      "name": "ast-grep-rules",
      "version": "0.1.0",
      "dependencies": {
        "@ast-grep/cli": "0.44.0",
        "@tree-sitter-grammars/tree-sitter-svelte": "1.0.2"
      },
      "bin": {
        "ast-grep-rules": "bin/ast-grep-rules.mjs"
      },
      "engines": {
        "node": "^22.0.0 || ^24.0.0 || ^26.0.0"
      }
    },
    "node_modules/@ast-grep/cli": {
      "version": "0.44.0",
      "resolved": "https://registry.npmjs.org/@ast-grep/cli/-/cli-0.44.0.tgz",
      "integrity": "sha512-Jf4PuP7XjzsMa3m9gYxmzV8KyWZc4w1ZzKe/t0+90wWxmSasQJe6AtMkJxHEi98MGgfAF1nWziqjDd0/6EsBjA==",
      "hasInstallScript": true,
      "license": "MIT",
      "dependencies": {
        "detect-libc": "2.1.2"
      },
      "bin": {
        "ast-grep": "ast-grep",
        "sg": "sg"
      },
      "engines": {
        "node": ">= 12.0.0"
      },
      "optionalDependencies": {
        "@ast-grep/cli-darwin-arm64": "0.44.0",
        "@ast-grep/cli-darwin-x64": "0.44.0",
        "@ast-grep/cli-linux-arm64-gnu": "0.44.0",
        "@ast-grep/cli-linux-x64-gnu": "0.44.0",
        "@ast-grep/cli-win32-arm64-msvc": "0.44.0",
        "@ast-grep/cli-win32-ia32-msvc": "0.44.0",
        "@ast-grep/cli-win32-x64-msvc": "0.44.0"
      }
    },
    "node_modules/@ast-grep/cli-darwin-arm64": {
      "version": "0.44.0",
      "resolved": "https://registry.npmjs.org/@ast-grep/cli-darwin-arm64/-/cli-darwin-arm64-0.44.0.tgz",
      "integrity": "sha512-bF7euu/hF/cYg4510z8110vh60rrqfrBdsfRqVGd6xqNSPENu7CJnTVN/Z4Nk5U1NM8YKzUD+dYx1ySUJ0CUNQ==",
      "cpu": [
        "arm64"
      ],
      "license": "MIT",
      "optional": true,
      "os": [
        "darwin"
      ],
      "engines": {
        "node": ">= 10"
      }
    },
    "node_modules/@ast-grep/cli-darwin-x64": {
      "version": "0.44.0",
      "resolved": "https://registry.npmjs.org/@ast-grep/cli-darwin-x64/-/cli-darwin-x64-0.44.0.tgz",
      "integrity": "sha512-0fI9caQGp1dFcmBATNlVytIRdAeYb91v1D2xjMIi1bSX+l8Uj846JUiaimUGBuBZmyFq+BScoWM4RnprEmZMpQ==",
      "cpu": [
        "x64"
      ],
      "license": "MIT",
      "optional": true,
      "os": [
        "darwin"
      ],
      "engines": {
        "node": ">= 10"
      }
    },
    "node_modules/@ast-grep/cli-linux-arm64-gnu": {
      "version": "0.44.0",
      "resolved": "https://registry.npmjs.org/@ast-grep/cli-linux-arm64-gnu/-/cli-linux-arm64-gnu-0.44.0.tgz",
      "integrity": "sha512-JB6EUnqEtGGtyg1GqNquld/++1CvaWD7r84IwwhddX1qx0NmDoHyn2mKd8vnQ24Z0RkV3g7y7foMLakELbGtDw==",
      "cpu": [
        "arm64"
      ],
      "libc": [
        "glibc"
      ],
      "license": "MIT",
      "optional": true,
      "os": [
        "linux"
      ],
      "engines": {
        "node": ">= 10"
      }
    },
    "node_modules/@ast-grep/cli-linux-x64-gnu": {
      "version": "0.44.0",
      "resolved": "https://registry.npmjs.org/@ast-grep/cli-linux-x64-gnu/-/cli-linux-x64-gnu-0.44.0.tgz",
      "integrity": "sha512-rNL0LsI682D9EMzfaGVEtZa1xaqTtGb2I+Zk4ZzidX6u+fF7f79wdqyKahKjXzoIrGkuhkoL3gcyLKAtQd9+qg==",
      "cpu": [
        "x64"
      ],
      "libc": [
        "glibc"
      ],
      "license": "MIT",
      "optional": true,
      "os": [
        "linux"
      ],
      "engines": {
        "node": ">= 10"
      }
    },
    "node_modules/@ast-grep/cli-win32-arm64-msvc": {
      "version": "0.44.0",
      "resolved": "https://registry.npmjs.org/@ast-grep/cli-win32-arm64-msvc/-/cli-win32-arm64-msvc-0.44.0.tgz",
      "integrity": "sha512-lqD0MhGQAddh2YoV/brKQ6GVcFLmRiTBwIElutwedaUvRCdasTGukFPYuSWk/iI8Kv19xom6s7l+mGuZ7v+xwQ==",
      "cpu": [
        "arm64"
      ],
      "license": "MIT",
      "optional": true,
      "os": [
        "win32"
      ],
      "engines": {
        "node": ">= 10"
      }
    },
    "node_modules/@ast-grep/cli-win32-ia32-msvc": {
      "version": "0.44.0",
      "resolved": "https://registry.npmjs.org/@ast-grep/cli-win32-ia32-msvc/-/cli-win32-ia32-msvc-0.44.0.tgz",
      "integrity": "sha512-ZJrnS+2OkNfwyr6yrN69glP67uybBxDvl9mqZvh1J44vB3OFn9U9c+cVAoZIAo7JD5F4rZNxwyu3gcy4+xuwEA==",
      "cpu": [
        "ia32"
      ],
      "license": "MIT",
      "optional": true,
      "os": [
        "win32"
      ],
      "engines": {
        "node": ">= 10"
      }
    },
    "node_modules/@ast-grep/cli-win32-x64-msvc": {
      "version": "0.44.0",
      "resolved": "https://registry.npmjs.org/@ast-grep/cli-win32-x64-msvc/-/cli-win32-x64-msvc-0.44.0.tgz",
      "integrity": "sha512-OJEo7f95YYaSuS1byUB7ZctbzxoA7/wCoAol+pt6pvfdW/8Wq+L1qU28glwx7dQ0HgTsnPZbWpXQwmZpCBHhZg==",
      "cpu": [
        "x64"
      ],
      "license": "MIT",
      "optional": true,
      "os": [
        "win32"
      ],
      "engines": {
        "node": ">= 10"
      }
    },
    "node_modules/@tree-sitter-grammars/tree-sitter-svelte": {
      "version": "1.0.2",
      "resolved": "https://registry.npmjs.org/@tree-sitter-grammars/tree-sitter-svelte/-/tree-sitter-svelte-1.0.2.tgz",
      "integrity": "sha512-akTvS9ClVhKDf5GtYgcTdPEssMd5TAC/f+TW3nKazVwAmuzUOOHyXz6L2soBF80NmpYhKy4oBBfoba5Yfq10lg==",
      "hasInstallScript": true,
      "license": "MIT",
      "dependencies": {
        "node-addon-api": "^8.1.0",
        "node-gyp-build": "^4.8.2",
        "tree-sitter-html": "^0.23.0"
      },
      "peerDependencies": {
        "tree-sitter": "^0.21.1"
      },
      "peerDependenciesMeta": {
        "tree_sitter": {
          "optional": true
        }
      }
    },
    "node_modules/detect-libc": {
      "version": "2.1.2",
      "resolved": "https://registry.npmjs.org/detect-libc/-/detect-libc-2.1.2.tgz",
      "integrity": "sha512-Btj2BOOO83o3WyH59e8MgXsxEQVcarkUOpEYrubB0urwnN10yQ364rsiByU11nZlqWYZm05i/of7io4mzihBtQ==",
      "license": "Apache-2.0",
      "engines": {
        "node": ">=8"
      }
    },
    "node_modules/node-addon-api": {
      "version": "8.9.0",
      "resolved": "https://registry.npmjs.org/node-addon-api/-/node-addon-api-8.9.0.tgz",
      "integrity": "sha512-ekZMeaaIzSQTSpr7X2X3iJM7lTzgnx8ahAG9pJfT/7+14mlEM8ZYQ9cgCDvSSRbReFK0oHli3WrZdCiRsgAT9Q==",
      "license": "MIT",
      "engines": {
        "node": "^18 || ^20 || >= 21"
      }
    },
    "node_modules/node-gyp-build": {
      "version": "4.8.4",
      "resolved": "https://registry.npmjs.org/node-gyp-build/-/node-gyp-build-4.8.4.tgz",
      "integrity": "sha512-LA4ZjwlnUblHVgq0oBF3Jl/6h/Nvs5fzBLwdEF4nuxnFdsfajde4WfxtJr3CaiH+F6ewcIB/q4jQ4UzPyid+CQ==",
      "license": "MIT",
      "bin": {
        "node-gyp-build": "bin.js",
        "node-gyp-build-optional": "optional.js",
        "node-gyp-build-test": "build-test.js"
      }
    },
    "node_modules/tree-sitter": {
      "version": "0.21.1",
      "resolved": "https://registry.npmjs.org/tree-sitter/-/tree-sitter-0.21.1.tgz",
      "integrity": "sha512-7dxoA6kYvtgWw80265MyqJlkRl4yawIjO7S5MigytjELkX43fV2WsAXzsNfO7sBpPPCF5Gp0+XzHk0DwLCq3xQ==",
      "hasInstallScript": true,
      "license": "MIT",
      "peer": true,
      "dependencies": {
        "node-addon-api": "^8.0.0",
        "node-gyp-build": "^4.8.0"
      }
    },
    "node_modules/tree-sitter-html": {
      "version": "0.23.2",
      "resolved": "https://registry.npmjs.org/tree-sitter-html/-/tree-sitter-html-0.23.2.tgz",
      "integrity": "sha512-TN+l+7cCeLx9db/1RhRSqMAZO/266Oh2BHb8J8hMSSFLuzYvFTYP/UnD3S0mny5awzw05KzFNgu2vnwzN9wVJg==",
      "hasInstallScript": true,
      "license": "MIT",
      "dependencies": {
        "node-addon-api": "^8.2.2",
        "node-gyp-build": "^4.8.2"
      },
      "peerDependencies": {
        "tree-sitter": "^0.21.1"
      },
      "peerDependenciesMeta": {
        "tree-sitter": {
          "optional": true
        }
      }
    }
  }
}
